
Microsoft Visual Studio Solution File, Format Version 12.00
# Visual Studio Version 17
VisualStudioVersion = 17.1.32210.238
MinimumVisualStudioVersion = 10.0.40219.1
Project("{FAE04EC0-301F-11D3-BF4B-00C04F79EFBC}") = "bai2.16", "bai2.16\bai2.16.csproj", "{A1CC0EF1-5848-4039-ABAB-E4B9FB56603F}"
EndProject
Global
	GlobalSection(SolutionConfigurationPlatforms) = preSolution
		Debug|Any CPU = Debug|Any CPU
		Release|Any CPU = Release|Any CPU
	EndGlobalSection
	GlobalSection(ProjectConfigurationPlatforms) = postSolution
		{A1CC0EF1-5848-4039-ABAB-E4B9FB56603F}.Debug|Any CPU.ActiveCfg = Debug|Any CPU
		{A1CC0EF1-5848-4039-ABAB-E4B9FB56603F}.Debug|Any CPU.Build.0 = Debug|Any CPU
		{A1CC0EF1-5848-4039-ABAB-E4B9FB56603F}.Release|Any CPU.ActiveCfg = Release|Any CPU
		{A1CC0EF1-5848-4039-ABAB-E4B9FB56603F}.Release|Any CPU.Build.0 = Release|Any CPU
	EndGlobalSection
	GlobalSection(SolutionProperties) = preSolution
		HideSolutionNode = FALSE
	EndGlobalSection
	GlobalSection(ExtensibilityGlobals) = postSolution
		SolutionGuid = {712742C4-99A4-43A0-A1C7-0730B1DCC479}
	EndGlobalSection
EndGlobal
