
Microsoft Visual Studio Solution File, Format Version 12.00
# Visual Studio Version 17
VisualStudioVersion = 17.1.32210.238
MinimumVisualStudioVersion = 10.0.40219.1
Project("{FAE04EC0-301F-11D3-BF4B-00C04F79EFBC}") = "bai1.10", "bai1.10\bai1.10.csproj", "{C874B496-1A50-476D-A003-DD3012AD9454}"
EndProject
Global
	GlobalSection(SolutionConfigurationPlatforms) = preSolution
		Debug|Any CPU = Debug|Any CPU
		Release|Any CPU = Release|Any CPU
	EndGlobalSection
	GlobalSection(ProjectConfigurationPlatforms) = postSolution
		{C874B496-1A50-476D-A003-DD3012AD9454}.Debug|Any CPU.ActiveCfg = Debug|Any CPU
		{C874B496-1A50-476D-A003-DD3012AD9454}.Debug|Any CPU.Build.0 = Debug|Any CPU
		{C874B496-1A50-476D-A003-DD3012AD9454}.Release|Any CPU.ActiveCfg = Release|Any CPU
		{C874B496-1A50-476D-A003-DD3012AD9454}.Release|Any CPU.Build.0 = Release|Any CPU
	EndGlobalSection
	GlobalSection(SolutionProperties) = preSolution
		HideSolutionNode = FALSE
	EndGlobalSection
	GlobalSection(ExtensibilityGlobals) = postSolution
		SolutionGuid = {B3C98F78-6B86-43AB-929C-02F6169F1159}
	EndGlobalSection
EndGlobal
