
Microsoft Visual Studio Solution File, Format Version 12.00
# Visual Studio Version 17
VisualStudioVersion = 17.1.32210.238
MinimumVisualStudioVersion = 10.0.40219.1
Project("{FAE04EC0-301F-11D3-BF4B-00C04F79EFBC}") = "bai1.1", "bai1.1\bai1.1.csproj", "{AD609496-5DD1-4EE8-9598-1C466DD3D1A0}"
EndProject
Global
	GlobalSection(SolutionConfigurationPlatforms) = preSolution
		Debug|Any CPU = Debug|Any CPU
		Release|Any CPU = Release|Any CPU
	EndGlobalSection
	GlobalSection(ProjectConfigurationPlatforms) = postSolution
		{AD609496-5DD1-4EE8-9598-1C466DD3D1A0}.Debug|Any CPU.ActiveCfg = Debug|Any CPU
		{AD609496-5DD1-4EE8-9598-1C466DD3D1A0}.Debug|Any CPU.Build.0 = Debug|Any CPU
		{AD609496-5DD1-4EE8-9598-1C466DD3D1A0}.Release|Any CPU.ActiveCfg = Release|Any CPU
		{AD609496-5DD1-4EE8-9598-1C466DD3D1A0}.Release|Any CPU.Build.0 = Release|Any CPU
	EndGlobalSection
	GlobalSection(SolutionProperties) = preSolution
		HideSolutionNode = FALSE
	EndGlobalSection
	GlobalSection(ExtensibilityGlobals) = postSolution
		SolutionGuid = {45613A2A-C6B9-49B8-AFD7-431C6C92B131}
	EndGlobalSection
EndGlobal
