
Microsoft Visual Studio Solution File, Format Version 12.00
# Visual Studio Version 17
VisualStudioVersion = 17.1.32210.238
MinimumVisualStudioVersion = 10.0.40219.1
Project("{FAE04EC0-301F-11D3-BF4B-00C04F79EFBC}") = "bai3.12", "bai3.12\bai3.12.csproj", "{BBB58CD1-94CE-4281-9912-6917B4C1A87F}"
EndProject
Global
	GlobalSection(SolutionConfigurationPlatforms) = preSolution
		Debug|Any CPU = Debug|Any CPU
		Release|Any CPU = Release|Any CPU
	EndGlobalSection
	GlobalSection(ProjectConfigurationPlatforms) = postSolution
		{BBB58CD1-94CE-4281-9912-6917B4C1A87F}.Debug|Any CPU.ActiveCfg = Debug|Any CPU
		{BBB58CD1-94CE-4281-9912-6917B4C1A87F}.Debug|Any CPU.Build.0 = Debug|Any CPU
		{BBB58CD1-94CE-4281-9912-6917B4C1A87F}.Release|Any CPU.ActiveCfg = Release|Any CPU
		{BBB58CD1-94CE-4281-9912-6917B4C1A87F}.Release|Any CPU.Build.0 = Release|Any CPU
	EndGlobalSection
	GlobalSection(SolutionProperties) = preSolution
		HideSolutionNode = FALSE
	EndGlobalSection
	GlobalSection(ExtensibilityGlobals) = postSolution
		SolutionGuid = {3A895BD1-B05D-4F23-8B9C-358F0EA40CFE}
	EndGlobalSection
EndGlobal
