
Microsoft Visual Studio Solution File, Format Version 12.00
# Visual Studio Version 17
VisualStudioVersion = 17.1.32210.238
MinimumVisualStudioVersion = 10.0.40219.1
Project("{FAE04EC0-301F-11D3-BF4B-00C04F79EFBC}") = "bai2.5", "bai2.5\bai2.5.csproj", "{75E51FC3-F6A5-44A2-8AEF-B6AA09D2ADC0}"
EndProject
Global
	GlobalSection(SolutionConfigurationPlatforms) = preSolution
		Debug|Any CPU = Debug|Any CPU
		Release|Any CPU = Release|Any CPU
	EndGlobalSection
	GlobalSection(ProjectConfigurationPlatforms) = postSolution
		{75E51FC3-F6A5-44A2-8AEF-B6AA09D2ADC0}.Debug|Any CPU.ActiveCfg = Debug|Any CPU
		{75E51FC3-F6A5-44A2-8AEF-B6AA09D2ADC0}.Debug|Any CPU.Build.0 = Debug|Any CPU
		{75E51FC3-F6A5-44A2-8AEF-B6AA09D2ADC0}.Release|Any CPU.ActiveCfg = Release|Any CPU
		{75E51FC3-F6A5-44A2-8AEF-B6AA09D2ADC0}.Release|Any CPU.Build.0 = Release|Any CPU
	EndGlobalSection
	GlobalSection(SolutionProperties) = preSolution
		HideSolutionNode = FALSE
	EndGlobalSection
	GlobalSection(ExtensibilityGlobals) = postSolution
		SolutionGuid = {B407724C-B5D7-43E2-A308-FAA88E40F540}
	EndGlobalSection
EndGlobal
