
Microsoft Visual Studio Solution File, Format Version 12.00
# Visual Studio Version 17
VisualStudioVersion = 17.1.32210.238
MinimumVisualStudioVersion = 10.0.40219.1
Project("{FAE04EC0-301F-11D3-BF4B-00C04F79EFBC}") = "bai3.15", "bai3.15\bai3.15.csproj", "{D376DB3A-E189-46B9-B399-2C7CC728F5DE}"
EndProject
Global
	GlobalSection(SolutionConfigurationPlatforms) = preSolution
		Debug|Any CPU = Debug|Any CPU
		Release|Any CPU = Release|Any CPU
	EndGlobalSection
	GlobalSection(ProjectConfigurationPlatforms) = postSolution
		{D376DB3A-E189-46B9-B399-2C7CC728F5DE}.Debug|Any CPU.ActiveCfg = Debug|Any CPU
		{D376DB3A-E189-46B9-B399-2C7CC728F5DE}.Debug|Any CPU.Build.0 = Debug|Any CPU
		{D376DB3A-E189-46B9-B399-2C7CC728F5DE}.Release|Any CPU.ActiveCfg = Release|Any CPU
		{D376DB3A-E189-46B9-B399-2C7CC728F5DE}.Release|Any CPU.Build.0 = Release|Any CPU
	EndGlobalSection
	GlobalSection(SolutionProperties) = preSolution
		HideSolutionNode = FALSE
	EndGlobalSection
	GlobalSection(ExtensibilityGlobals) = postSolution
		SolutionGuid = {69391D91-3D41-47C7-A09F-E0DC3731D2B5}
	EndGlobalSection
EndGlobal
